<?xml version="1.0" encoding="utf-8"?>
<Project ToolsVersion="4.0" xmlns="http://schemas.microsoft.com/developer/msbuild/2003">
  <ItemGroup>
    <Filter Include="win32">
      <UniqueIdentifier>{84a8ebd7-7cf0-47f6-b75e-d441df67da40}</UniqueIdentifier>
    </Filter>
    <Filter Include="resource">
      <UniqueIdentifier>{715254bc-d70b-4ec5-bf29-467dd3ace079}</UniqueIdentifier>
    </Filter>
    <Filter Include="src">
      <UniqueIdentifier>{bb6c862e-70e9-49d9-81b7-3829a6f50471}</UniqueIdentifier>
    </Filter>
    <Filter Include="src\controller">
      <UniqueIdentifier>{f994339f-994c-4e62-967b-ed69aefa47ed}</UniqueIdentifier>
    </Filter>
    <Filter Include="src\model">
      <UniqueIdentifier>{4ee6e592-364a-4823-b02b-426c051772a6}</UniqueIdentifier>
    </Filter>
    <Filter Include="src\lib">
      <UniqueIdentifier>{066f5be9-fb22-40ee-988e-7f603ac7c646}</UniqueIdentifier>
    </Filter>
    <Filter Include="src\nodes">
      <UniqueIdentifier>{3e6dbe5a-b2b6-4a2b-bef7-150d71b3c34c}</UniqueIdentifier>
    </Filter>
    <Filter Include="src\scenes">
      <UniqueIdentifier>{38ed8c86-eaa0-42c8-9997-6f239c19d21f}</UniqueIdentifier>
    </Filter>
    <Filter Include="src\levelStates">
      <UniqueIdentifier>{43f9b26d-9a87-4210-89d1-12ba947c2658}</UniqueIdentifier>
    </Filter>
    <Filter Include="src\ui">
      <UniqueIdentifier>{feed646a-a49e-4e91-b091-f481e9a6a8c8}</UniqueIdentifier>
    </Filter>
  </ItemGroup>
  <ItemGroup>
    <ClCompile Include="main.cpp">
      <Filter>win32</Filter>
    </ClCompile>
    <ClCompile Include="..\Classes\AppDelegate.cpp">
      <Filter>src</Filter>
    </ClCompile>
    <ClCompile Include="..\Classes\HelloWorldScene.cpp">
      <Filter>src</Filter>
    </ClCompile>
    <ClCompile Include="..\Classes\ErrorLog.cpp">
      <Filter>src</Filter>
    </ClCompile>
    <ClCompile Include="..\Classes\PlantTypesManager.cpp">
      <Filter>src</Filter>
    </ClCompile>
    <ClCompile Include="..\Classes\controller\ConfigLoader.cpp">
      <Filter>src\controller</Filter>
    </ClCompile>
    <ClCompile Include="..\Classes\model\PlantType.cpp">
      <Filter>src\model</Filter>
    </ClCompile>
    <ClCompile Include="..\Classes\model\ViewData.cpp">
      <Filter>src\model</Filter>
    </ClCompile>
    <ClCompile Include="..\Classes\lib\DRHashList.cpp">
      <Filter>src\lib</Filter>
    </ClCompile>
    <ClCompile Include="..\Classes\nodes\Grid.cpp">
      <Filter>src\nodes</Filter>
    </ClCompile>
    <ClCompile Include="..\Classes\nodes\PlantNode.cpp">
      <Filter>src\nodes</Filter>
    </ClCompile>
    <ClCompile Include="..\Classes\ViewDataManager.cpp">
      <Filter>src</Filter>
    </ClCompile>
    <ClCompile Include="..\Classes\levelStates\RandomSeed.cpp">
      <Filter>src\levelStates</Filter>
    </ClCompile>
    <ClCompile Include="..\Classes\model\LevelData.cpp">
      <Filter>src\model</Filter>
    </ClCompile>
    <ClCompile Include="..\Classes\levelStates\PlayerChooseSeed.cpp">
      <Filter>src\levelStates</Filter>
    </ClCompile>
    <ClCompile Include="..\Classes\MainGameScene.cpp">
      <Filter>src</Filter>
    </ClCompile>
    <ClCompile Include="..\Classes\levelStates\PlayerChooseActionWithSeed.cpp">
      <Filter>src\levelStates</Filter>
    </ClCompile>
    <ClCompile Include="..\Classes\levelStates\DisplayInfo.cpp">
      <Filter>src\levelStates</Filter>
    </ClCompile>
    <ClCompile Include="..\Classes\levelStates\DragSeed.cpp">
      <Filter>src\levelStates</Filter>
    </ClCompile>
    <ClCompile Include="..\Classes\levelStates\DropSeedInvalid.cpp">
      <Filter>src\levelStates</Filter>
    </ClCompile>
    <ClCompile Include="..\Classes\levelStates\DropSeedValid.cpp">
      <Filter>src\levelStates</Filter>
    </ClCompile>
    <ClCompile Include="..\Classes\levelStates\PlantSeed.cpp">
      <Filter>src\levelStates</Filter>
    </ClCompile>
    <ClCompile Include="..\Classes\model\Points.cpp">
      <Filter>src\model</Filter>
    </ClCompile>
    <ClCompile Include="..\Classes\ui\SwitchButton.cpp">
      <Filter>src\ui</Filter>
    </ClCompile>
    <ClCompile Include="..\Classes\model\SpriteAnimationState.cpp">
      <Filter>src\model</Filter>
    </ClCompile>
    <ClCompile Include="..\Classes\lib\TemplateMemoryManager.cpp">
      <Filter>src\lib</Filter>
    </ClCompile>
    <ClCompile Include="..\Classes\nodes\CustomAnimationSprite.cpp">
      <Filter>src\nodes</Filter>
    </ClCompile>
    <ClCompile Include="..\Classes\controller\RessourcenManager.cpp">
      <Filter>src\controller</Filter>
    </ClCompile>
  </ItemGroup>
  <ItemGroup>
    <ClInclude Include="main.h">
      <Filter>win32</Filter>
    </ClInclude>
    <ClInclude Include="..\Classes\AppDelegate.h">
      <Filter>src</Filter>
    </ClInclude>
    <ClInclude Include="..\Classes\HelloWorldScene.h">
      <Filter>src</Filter>
    </ClInclude>
    <ClInclude Include="..\Classes\ErrorLog.h">
      <Filter>src</Filter>
    </ClInclude>
    <ClInclude Include="..\Classes\PlantTypesManager.h">
      <Filter>src</Filter>
    </ClInclude>
    <ClInclude Include="..\Classes\controller\ConfigLoader.h">
      <Filter>src\controller</Filter>
    </ClInclude>
    <ClInclude Include="..\Classes\model\PlantType.h">
      <Filter>src\model</Filter>
    </ClInclude>
    <ClInclude Include="..\Classes\model\ViewData.h">
      <Filter>src\model</Filter>
    </ClInclude>
    <ClInclude Include="..\Classes\lib\DRHash.hpp">
      <Filter>src\lib</Filter>
    </ClInclude>
    <ClInclude Include="..\Classes\lib\DRHashList.hpp">
      <Filter>src\lib</Filter>
    </ClInclude>
    <ClInclude Include="..\Classes\nodes\Grid.h">
      <Filter>src\nodes</Filter>
    </ClInclude>
    <ClInclude Include="..\Classes\nodes\PlantNode.h">
      <Filter>src\nodes</Filter>
    </ClInclude>
    <ClInclude Include="..\Classes\ViewDataManager.h">
      <Filter>src</Filter>
    </ClInclude>
    <ClInclude Include="..\Classes\levelStates\RandomSeed.h">
      <Filter>src\levelStates</Filter>
    </ClInclude>
    <ClInclude Include="..\Classes\model\LevelData.h">
      <Filter>src\model</Filter>
    </ClInclude>
    <ClInclude Include="..\Classes\levelStates\PlayerChooseSeed.h">
      <Filter>src\levelStates</Filter>
    </ClInclude>
    <ClInclude Include="..\Classes\MainGameScene.h">
      <Filter>src</Filter>
    </ClInclude>
    <ClInclude Include="..\Classes\levelStates\PlayerChooseActionWithSeed.h">
      <Filter>src\levelStates</Filter>
    </ClInclude>
    <ClInclude Include="..\Classes\levelStates\iLevelState.h">
      <Filter>src\levelStates</Filter>
    </ClInclude>
    <ClInclude Include="..\Classes\levelStates\DisplayInfo.h">
      <Filter>src\levelStates</Filter>
    </ClInclude>
    <ClInclude Include="..\Classes\levelStates\DragSeed.h">
      <Filter>src\levelStates</Filter>
    </ClInclude>
    <ClInclude Include="..\Classes\levelStates\DropSeedInvalid.h">
      <Filter>src\levelStates</Filter>
    </ClInclude>
    <ClInclude Include="..\Classes\levelStates\DropSeedValid.h">
      <Filter>src\levelStates</Filter>
    </ClInclude>
    <ClInclude Include="..\Classes\levelStates\PlantSeed.h">
      <Filter>src\levelStates</Filter>
    </ClInclude>
    <ClInclude Include="..\Classes\model\Points.h">
      <Filter>src\model</Filter>
    </ClInclude>
    <ClInclude Include="..\Classes\Enums.h">
      <Filter>src</Filter>
    </ClInclude>
    <ClInclude Include="..\Classes\ui\SwitchButton.h">
      <Filter>src\ui</Filter>
    </ClInclude>
    <ClInclude Include="..\Classes\model\SpriteAnimationState.h">
      <Filter>src\model</Filter>
    </ClInclude>
    <ClInclude Include="..\Classes\lib\TemplateMemoryManager.h">
      <Filter>src\lib</Filter>
    </ClInclude>
    <ClInclude Include="..\Classes\nodes\CustomAnimationSprite.h">
      <Filter>src\nodes</Filter>
    </ClInclude>
    <ClInclude Include="..\Classes\controller\RessourcenManager.h">
      <Filter>src\controller</Filter>
    </ClInclude>
  </ItemGroup>
  <ItemGroup>
    <ResourceCompile Include="game.rc">
      <Filter>resource</Filter>
    </ResourceCompile>
  </ItemGroup>
</Project>